{
  "name": "dctt-app",
  "version": "1.0.0",
  "lockfileVersion": 1,
  "requires": true,
  "dependencies": {
    "uview-ui": {
      "version": "1.4.6",
      "resolved": "https://registry.npm.taobao.org/uview-ui/download/uview-ui-1.4.6.tgz?cache=0&sync_timestamp=1593998879379&other_urls=https%3A%2F%2Fregistry.npm.taobao.org%2Fuview-ui%2Fdownload%2Fuview-ui-1.4.6.tgz",
      "integrity": "sha1-0guDirj636TE5KprnCx7wscDjHM="
    }
  }
}
